
Microsoft Visual Studio Solution File, Format Version 12.00
# Visual Studio Version 16
VisualStudioVersion = 16.0.30804.86
MinimumVisualStudioVersion = 10.0.40219.1
Project("{8BC9CEB8-8B4A-11D0-8D11-00A0C91BC942}") = "test_2021_2_24", "test_2021_2_24.vcxproj", "{869D1433-ACC3-4633-AAAD-1CE0A1DF4A9B}"
EndProject
Global
	GlobalSection(SolutionConfigurationPlatforms) = preSolution
		Debug|x64 = Debug|x64
		Debug|x86 = Debug|x86
		Release|x64 = Release|x64
		Release|x86 = Release|x86
	EndGlobalSection
	GlobalSection(ProjectConfigurationPlatforms) = postSolution
		{869D1433-ACC3-4633-AAAD-1CE0A1DF4A9B}.Debug|x64.ActiveCfg = Debug|x64
		{869D1433-ACC3-4633-AAAD-1CE0A1DF4A9B}.Debug|x64.Build.0 = Debug|x64
		{869D1433-ACC3-4633-AAAD-1CE0A1DF4A9B}.Debug|x86.ActiveCfg = Debug|Win32
		{869D1433-ACC3-4633-AAAD-1CE0A1DF4A9B}.Debug|x86.Build.0 = Debug|Win32
		{869D1433-ACC3-4633-AAAD-1CE0A1DF4A9B}.Release|x64.ActiveCfg = Release|x64
		{869D1433-ACC3-4633-AAAD-1CE0A1DF4A9B}.Release|x64.Build.0 = Release|x64
		{869D1433-ACC3-4633-AAAD-1CE0A1DF4A9B}.Release|x86.ActiveCfg = Release|Win32
		{869D1433-ACC3-4633-AAAD-1CE0A1DF4A9B}.Release|x86.Build.0 = Release|Win32
	EndGlobalSection
	GlobalSection(SolutionProperties) = preSolution
		HideSolutionNode = FALSE
	EndGlobalSection
	GlobalSection(ExtensibilityGlobals) = postSolution
		SolutionGuid = {D2F9B595-A164-47E2-BA67-AD131B472558}
	EndGlobalSection
EndGlobal
