
Microsoft Visual Studio Solution File, Format Version 12.00
# Visual Studio Version 16
VisualStudioVersion = 16.0.30804.86
MinimumVisualStudioVersion = 10.0.40219.1
Project("{8BC9CEB8-8B4A-11D0-8D11-00A0C91BC942}") = "test_2021_2_4", "test_2021_2_4.vcxproj", "{6FD75837-2BEA-4983-8AA0-9DFD865F8E5D}"
EndProject
Global
	GlobalSection(SolutionConfigurationPlatforms) = preSolution
		Debug|x64 = Debug|x64
		Debug|x86 = Debug|x86
		Release|x64 = Release|x64
		Release|x86 = Release|x86
	EndGlobalSection
	GlobalSection(ProjectConfigurationPlatforms) = postSolution
		{6FD75837-2BEA-4983-8AA0-9DFD865F8E5D}.Debug|x64.ActiveCfg = Debug|x64
		{6FD75837-2BEA-4983-8AA0-9DFD865F8E5D}.Debug|x64.Build.0 = Debug|x64
		{6FD75837-2BEA-4983-8AA0-9DFD865F8E5D}.Debug|x86.ActiveCfg = Debug|Win32
		{6FD75837-2BEA-4983-8AA0-9DFD865F8E5D}.Debug|x86.Build.0 = Debug|Win32
		{6FD75837-2BEA-4983-8AA0-9DFD865F8E5D}.Release|x64.ActiveCfg = Release|x64
		{6FD75837-2BEA-4983-8AA0-9DFD865F8E5D}.Release|x64.Build.0 = Release|x64
		{6FD75837-2BEA-4983-8AA0-9DFD865F8E5D}.Release|x86.ActiveCfg = Release|Win32
		{6FD75837-2BEA-4983-8AA0-9DFD865F8E5D}.Release|x86.Build.0 = Release|Win32
	EndGlobalSection
	GlobalSection(SolutionProperties) = preSolution
		HideSolutionNode = FALSE
	EndGlobalSection
	GlobalSection(ExtensibilityGlobals) = postSolution
		SolutionGuid = {8831EC8A-6716-42AA-99F9-C11E0F757B66}
	EndGlobalSection
EndGlobal
